schema: '2.0'
stages:
  data_split:
    cmd: python src/data_split.py
    deps:
    - path: data/pool_data
      hash: md5
      md5: 14d187e749ee5614e105741c719fa185.dir
      size: 18999874
      nfiles: 183
    - path: src/data_split.py
      hash: md5
      md5: 2c9440b508eca05f7a6416283a48fbf9
      size: 1068
    params:
      params.yaml:
        base:
          random_seed: 42
        data_split:
          test_regions:
          - REGION_1
    outs:
    - path: data/test_data
      hash: md5
      md5: 1bb16eb1219b47a8bf711ade27c476e4.dir
      size: 2087761
      nfiles: 24
    - path: data/train_data
      hash: md5
      md5: a28a7e4d342c27c1d7ad3c17ec1dfa7a.dir
      size: 16905965
      nfiles: 158
  train:
    cmd: python src/train.py
    deps:
    - path: data/train_data
      hash: md5
      md5: a28a7e4d342c27c1d7ad3c17ec1dfa7a.dir
      size: 16905965
      nfiles: 158
    - path: src/train.py
      hash: md5
      md5: 2718d920b886e9411bd27f240a209310
      size: 2589
    params:
      params.yaml:
        base:
          random_seed: 42
        train:
          valid_pct: 0.1
          arch: shufflenet_v2_x2_0
          img_size: 256
          batch_size: 8
          fine_tune_args:
            epochs: 5
            base_lr: 0.01
    outs:
    - path: models/model.pkl
      hash: md5
      md5: 36092b9e815c762e6139ade29da6cf80
      size: 199357
    - path: models/model.pth
      hash: md5
      md5: 89ca8fcc93ee674d3b2dfc05e27ffcad
      size: 164827
    - path: results/train
      hash: md5
      md5: 5bea0453141b8d7e0a13cb88dbbbaa73.dir
      size: 794
      nfiles: 5
  evaluate:
    cmd: python src/evaluate.py
    deps:
    - path: data/test_data
      hash: md5
      md5: 1bb16eb1219b47a8bf711ade27c476e4.dir
      size: 2087761
      nfiles: 24
    - path: models/model.pkl
      hash: md5
      md5: 36092b9e815c762e6139ade29da6cf80
      size: 199357
    - path: src/evaluate.py
      hash: md5
      md5: 071ddd2bc218c064569f03296fdd32ce
      size: 3423
    params:
      params.yaml:
        base:
          random_seed: 42
        evaluate:
          n_samples_to_save: 10
    outs:
    - path: results/evaluate
      hash: md5
      md5: 62749eca7c22ce919225237698a96ad7.dir
      size: 1261939
      nfiles: 11
